// !$*UTF8*$!
{
	archiveVersion = 1;
	classes = {
	};
	objectVersion = 46;
	objects = {

/* Begin PBXBuildFile section */
		AA5081601ED6C30D00A6BBCE /* Realm.framework in Frameworks */ = {isa = PBXBuildFile; fileRef = AA50815D1ED6C30D00A6BBCE /* Realm.framework */; };
		AA5081611ED6C30D00A6BBCE /* RealmSwift.framework in Frameworks */ = {isa = PBXBuildFile; fileRef = AA50815E1ED6C30D00A6BBCE /* RealmSwift.framework */; };
		AA5081621ED6C30D00A6BBCE /* SnapKit.framework in Frameworks */ = {isa = PBXBuildFile; fileRef = AA50815F1ED6C30D00A6BBCE /* SnapKit.framework */; };
		AA50816B1ED6C5CE00A6BBCE /* Info.plist in Resources */ = {isa = PBXBuildFile; fileRef = AA50816A1ED6C5CE00A6BBCE /* Info.plist */; };
		AA5081721ED6C5F900A6BBCE /* Assets.xcassets in Resources */ = {isa = PBXBuildFile; fileRef = AA50816C1ED6C5F900A6BBCE /* Assets.xcassets */; };
		AA5081731ED6C5F900A6BBCE /* LaunchScreen.storyboard in Resources */ = {isa = PBXBuildFile; fileRef = AA50816E1ED6C5F900A6BBCE /* LaunchScreen.storyboard */; };
		AA5081741ED6C5F900A6BBCE /* Main.storyboard in Resources */ = {isa = PBXBuildFile; fileRef = AA5081701ED6C5F900A6BBCE /* Main.storyboard */; };
		AA50817B1ED6C66000A6BBCE /* AppDelegate.swift in Sources */ = {isa = PBXBuildFile; fileRef = AA5081761ED6C66000A6BBCE /* AppDelegate.swift */; };
		AA50817C1ED6C66000A6BBCE /* MainViewController.swift in Sources */ = {isa = PBXBuildFile; fileRef = AA5081791ED6C66000A6BBCE /* MainViewController.swift */; };
/* End PBXBuildFile section */

/* Begin PBXFileReference section */
		AA107F591ED0095000B312D7 /* NoteApp.app */ = {isa = PBXFileReference; explicitFileType = wrapper.application; includeInIndex = 0; path = NoteApp.app; sourceTree = BUILT_PRODUCTS_DIR; };
		AA50815D1ED6C30D00A6BBCE /* Realm.framework */ = {isa = PBXFileReference; lastKnownFileType = wrapper.framework; name = Realm.framework; path = Carthage/Build/iOS/Realm.framework; sourceTree = "<group>"; };
		AA50815E1ED6C30D00A6BBCE /* RealmSwift.framework */ = {isa = PBXFileReference; lastKnownFileType = wrapper.framework; name = RealmSwift.framework; path = Carthage/Build/iOS/RealmSwift.framework; sourceTree = "<group>"; };
		AA50815F1ED6C30D00A6BBCE /* SnapKit.framework */ = {isa = PBXFileReference; lastKnownFileType = wrapper.framework; name = SnapKit.framework; path = Carthage/Build/iOS/SnapKit.framework; sourceTree = "<group>"; };
		AA50816A1ED6C5CE00A6BBCE /* Info.plist */ = {isa = PBXFileReference; fileEncoding = 4; lastKnownFileType = text.plist.xml; path = Info.plist; sourceTree = "<group>"; };
		AA50816C1ED6C5F900A6BBCE /* Assets.xcassets */ = {isa = PBXFileReference; lastKnownFileType = folder.assetcatalog; path = Assets.xcassets; sourceTree = "<group>"; };
		AA50816F1ED6C5F900A6BBCE /* Base */ = {isa = PBXFileReference; lastKnownFileType = file.storyboard; name = Base; path = LaunchScreen.storyboard; sourceTree = "<group>"; };
		AA5081711ED6C5F900A6BBCE /* Base */ = {isa = PBXFileReference; lastKnownFileType = file.storyboard; name = Base; path = Main.storyboard; sourceTree = "<group>"; };
		AA5081761ED6C66000A6BBCE /* AppDelegate.swift */ = {isa = PBXFileReference; fileEncoding = 4; lastKnownFileType = sourcecode.swift; path = AppDelegate.swift; sourceTree = "<group>"; };
		AA5081791ED6C66000A6BBCE /* MainViewController.swift */ = {isa = PBXFileReference; fileEncoding = 4; lastKnownFileType = sourcecode.swift; path = MainViewController.swift; sourceTree = "<group>"; };
/* End PBXFileReference section */

/* Begin PBXFrameworksBuildPhase section */
		AA107F561ED0095000B312D7 /* Frameworks */ = {
			isa = PBXFrameworksBuildPhase;
			buildActionMask = 2147483647;
			files = (
				AA5081601ED6C30D00A6BBCE /* Realm.framework in Frameworks */,
				AA5081611ED6C30D00A6BBCE /* RealmSwift.framework in Frameworks */,
				AA5081621ED6C30D00A6BBCE /* SnapKit.framework in Frameworks */,
			);
			runOnlyForDeploymentPostprocessing = 0;
		};
/* End PBXFrameworksBuildPhase section */

/* Begin PBXGroup section */
		AA107F501ED0095000B312D7 = {
			isa = PBXGroup;
			children = (
				AA107F5B1ED0095000B312D7 /* NoteApp */,
				AA107F5A1ED0095000B312D7 /* Products */,
				AA50815C1ED6C30D00A6BBCE /* Frameworks */,
			);
			sourceTree = "<group>";
		};
		AA107F5A1ED0095000B312D7 /* Products */ = {
			isa = PBXGroup;
			children = (
				AA107F591ED0095000B312D7 /* NoteApp.app */,
			);
			name = Products;
			sourceTree = "<group>";
		};
		AA107F5B1ED0095000B312D7 /* NoteApp */ = {
			isa = PBXGroup;
			children = (
				AA5081671ED6C5A300A6BBCE /* Sources */,
				AA5081661ED6C5A300A6BBCE /* Resources */,
				AA5081691ED6C5A300A6BBCE /* Supporting Files */,
			);
			path = NoteApp;
			sourceTree = "<group>";
		};
		AA50815C1ED6C30D00A6BBCE /* Frameworks */ = {
			isa = PBXGroup;
			children = (
				AA50815D1ED6C30D00A6BBCE /* Realm.framework */,
				AA50815E1ED6C30D00A6BBCE /* RealmSwift.framework */,
				AA50815F1ED6C30D00A6BBCE /* SnapKit.framework */,
			);
			name = Frameworks;
			sourceTree = "<group>";
		};
		AA5081661ED6C5A300A6BBCE /* Resources */ = {
			isa = PBXGroup;
			children = (
				AA50816C1ED6C5F900A6BBCE /* Assets.xcassets */,
				AA50816D1ED6C5F900A6BBCE /* Base.lproj */,
			);
			path = Resources;
			sourceTree = "<group>";
		};
		AA5081671ED6C5A300A6BBCE /* Sources */ = {
			isa = PBXGroup;
			children = (
				AA5081761ED6C66000A6BBCE /* AppDelegate.swift */,
				AA5081771ED6C66000A6BBCE /* Models */,
				AA5081781ED6C66000A6BBCE /* ViewControllers */,
				AA50817A1ED6C66000A6BBCE /* Views */,
			);
			path = Sources;
			sourceTree = "<group>";
		};
		AA5081691ED6C5A300A6BBCE /* Supporting Files */ = {
			isa = PBXGroup;
			children = (
				AA50816A1ED6C5CE00A6BBCE /* Info.plist */,
			);
			path = "Supporting Files";
			sourceTree = "<group>";
		};
		AA50816D1ED6C5F900A6BBCE /* Base.lproj */ = {
			isa = PBXGroup;
			children = (
				AA50816E1ED6C5F900A6BBCE /* LaunchScreen.storyboard */,
				AA5081701ED6C5F900A6BBCE /* Main.storyboard */,
			);
			path = Base.lproj;
			sourceTree = "<group>";
		};
		AA5081771ED6C66000A6BBCE /* Models */ = {
			isa = PBXGroup;
			children = (
			);
			path = Models;
			sourceTree = "<group>";
		};
		AA5081781ED6C66000A6BBCE /* ViewControllers */ = {
			isa = PBXGroup;
			children = (
				AA5081791ED6C66000A6BBCE /* MainViewController.swift */,
			);
			path = ViewControllers;
			sourceTree = "<group>";
		};
		AA50817A1ED6C66000A6BBCE /* Views */ = {
			isa = PBXGroup;
			children = (
			);
			path = Views;
			sourceTree = "<group>";
		};
/* End PBXGroup section */

/* Begin PBXNativeTarget section */
		AA107F581ED0095000B312D7 /* NoteApp */ = {
			isa = PBXNativeTarget;
			buildConfigurationList = AA107F6B1ED0095000B312D7 /* Build configuration list for PBXNativeTarget "NoteApp" */;
			buildPhases = (
				AA107F551ED0095000B312D7 /* Sources */,
				AA107F561ED0095000B312D7 /* Frameworks */,
				AA107F571ED0095000B312D7 /* Resources */,
				AA5081631ED6C32200A6BBCE /* ShellScript */,
			);
			buildRules = (
			);
			dependencies = (
			);
			name = NoteApp;
			productName = NoteApp;
			productReference = AA107F591ED0095000B312D7 /* NoteApp.app */;
			productType = "com.apple.product-type.application";
		};
/* End PBXNativeTarget section */

/* Begin PBXProject section */
		AA107F511ED0095000B312D7 /* Project object */ = {
			isa = PBXProject;
			attributes = {
				LastSwiftUpdateCheck = 0830;
				LastUpgradeCheck = 0830;
				ORGANIZATIONNAME = seoju;
				TargetAttributes = {
					AA107F581ED0095000B312D7 = {
						CreatedOnToolsVersion = 8.3.2;
						DevelopmentTeam = 3D2GFZ7CZT;
						LastSwiftMigration = 0830;
						ProvisioningStyle = Automatic;
					};
				};
			};
			buildConfigurationList = AA107F541ED0095000B312D7 /* Build configuration list for PBXProject "NoteApp" */;
			compatibilityVersion = "Xcode 3.2";
			developmentRegion = English;
			hasScannedForEncodings = 0;
			knownRegions = (
				en,
				Base,
			);
			mainGroup = AA107F501ED0095000B312D7;
			productRefGroup = AA107F5A1ED0095000B312D7 /* Products */;
			projectDirPath = "";
			projectRoot = "";
			targets = (
				AA107F581ED0095000B312D7 /* NoteApp */,
			);
		};
/* End PBXProject section */

/* Begin PBXResourcesBuildPhase section */
		AA107F571ED0095000B312D7 /* Resources */ = {
			isa = PBXResourcesBuildPhase;
			buildActionMask = 2147483647;
			files = (
				AA5081731ED6C5F900A6BBCE /* LaunchScreen.storyboard in Resources */,
				AA5081721ED6C5F900A6BBCE /* Assets.xcassets in Resources */,
				AA50816B1ED6C5CE00A6BBCE /* Info.plist in Resources */,
				AA5081741ED6C5F900A6BBCE /* Main.storyboard in Resources */,
			);
			runOnlyForDeploymentPostprocessing = 0;
		};
/* End PBXResourcesBuildPhase section */

/* Begin PBXShellScriptBuildPhase section */
		AA5081631ED6C32200A6BBCE /* ShellScript */ = {
			isa = PBXShellScriptBuildPhase;
			buildActionMask = 2147483647;
			files = (
			);
			inputPaths = (
				"$(SRCROOT)/Carthage/Build/iOS/Realm.framework",
				"$(SRCROOT)/Carthage/Build/iOS/RealmSwift.framework",
				"$(SRCROOT)/Carthage/Build/iOS/SnapKit.framework",
			);
			outputPaths = (
			);
			runOnlyForDeploymentPostprocessing = 0;
			shellPath = /bin/sh;
			shellScript = "/usr/local/bin/carthage copy-frameworks";
		};
/* End PBXShellScriptBuildPhase section */

/* Begin PBXSourcesBuildPhase section */
		AA107F551ED0095000B312D7 /* Sources */ = {
			isa = PBXSourcesBuildPhase;
			buildActionMask = 2147483647;
			files = (
				AA50817B1ED6C66000A6BBCE /* AppDelegate.swift in Sources */,
				AA50817C1ED6C66000A6BBCE /* MainViewController.swift in Sources */,
			);
			runOnlyForDeploymentPostprocessing = 0;
		};
/* End PBXSourcesBuildPhase section */

/* Begin PBXVariantGroup section */
		AA50816E1ED6C5F900A6BBCE /* LaunchScreen.storyboard */ = {
			isa = PBXVariantGroup;
			children = (
				AA50816F1ED6C5F900A6BBCE /* Base */,
			);
			name = LaunchScreen.storyboard;
			sourceTree = "<group>";
		};
		AA5081701ED6C5F900A6BBCE /* Main.storyboard */ = {
			isa = PBXVariantGroup;
			children = (
				AA5081711ED6C5F900A6BBCE /* Base */,
			);
			name = Main.storyboard;
			sourceTree = "<group>";
		};
/* End PBXVariantGroup section */

/* Begin XCBuildConfiguration section */
		AA107F691ED0095000B312D7 /* Debug */ = {
			isa = XCBuildConfiguration;
			buildSettings = {
				ALWAYS_SEARCH_USER_PATHS = NO;
				CLANG_ANALYZER_NONNULL = YES;
				CLANG_ANALYZER_NUMBER_OBJECT_CONVERSION = YES_AGGRESSIVE;
				CLANG_CXX_LANGUAGE_STANDARD = "gnu++0x";
				CLANG_CXX_LIBRARY = "libc++";
				CLANG_ENABLE_MODULES = YES;
				CLANG_ENABLE_OBJC_ARC = YES;
				CLANG_WARN_BOOL_CONVERSION = YES;
				CLANG_WARN_CONSTANT_CONVERSION = YES;
				CLANG_WARN_DIRECT_OBJC_ISA_USAGE = YES_ERROR;
				CLANG_WARN_DOCUMENTATION_COMMENTS = YES;
				CLANG_WARN_EMPTY_BODY = YES;
				CLANG_WARN_ENUM_CONVERSION = YES;
				CLANG_WARN_INFINITE_RECURSION = YES;
				CLANG_WARN_INT_CONVERSION = YES;
				CLANG_WARN_OBJC_ROOT_CLASS = YES_ERROR;
				CLANG_WARN_SUSPICIOUS_MOVE = YES;
				CLANG_WARN_UNREACHABLE_CODE = YES;
				CLANG_WARN__DUPLICATE_METHOD_MATCH = YES;
				"CODE_SIGN_IDENTITY[sdk=iphoneos*]" = "iPhone Developer";
				COPY_PHASE_STRIP = NO;
				DEBUG_INFORMATION_FORMAT = dwarf;
				ENABLE_STRICT_OBJC_MSGSEND = YES;
				ENABLE_TESTABILITY = YES;
				GCC_C_LANGUAGE_STANDARD = gnu99;
				GCC_DYNAMIC_NO_PIC = NO;
				GCC_NO_COMMON_BLOCKS = YES;
				GCC_OPTIMIZATION_LEVEL = 0;
				GCC_PREPROCESSOR_DEFINITIONS = (
					"DEBUG=1",
					"$(inherited)",
				);
				GCC_WARN_64_TO_32_BIT_CONVERSION = YES;
				GCC_WARN_ABOUT_RETURN_TYPE = YES_ERROR;
				GCC_WARN_UNDECLARED_SELECTOR = YES;
				GCC_WARN_UNINITIALIZED_AUTOS = YES_AGGRESSIVE;
				GCC_WARN_UNUSED_FUNCTION = YES;
				GCC_WARN_UNUSED_VARIABLE = YES;
				IPHONEOS_DEPLOYMENT_TARGET = 10.3;
				MTL_ENABLE_DEBUG_INFO = YES;
				ONLY_ACTIVE_ARCH = YES;
				SDKROOT = iphoneos;
				SWIFT_ACTIVE_COMPILATION_CONDITIONS = DEBUG;
				SWIFT_OPTIMIZATION_LEVEL = "-Onone";
			};
			name = Debug;
		};
		AA107F6A1ED0095000B312D7 /* Release */ = {
			isa = XCBuildConfiguration;
			buildSettings = {
				ALWAYS_SEARCH_USER_PATHS = NO;
				CLANG_ANALYZER_NONNULL = YES;
				CLANG_ANALYZER_NUMBER_OBJECT_CONVERSION = YES_AGGRESSIVE;
				CLANG_CXX_LANGUAGE_STANDARD = "gnu++0x";
				CLANG_CXX_LIBRARY = "libc++";
				CLANG_ENABLE_MODULES = YES;
				CLANG_ENABLE_OBJC_ARC = YES;
				CLANG_WARN_BOOL_CONVERSION = YES;
				CLANG_WARN_CONSTANT_CONVERSION = YES;
				CLANG_WARN_DIRECT_OBJC_ISA_USAGE = YES_ERROR;
				CLANG_WARN_DOCUMENTATION_COMMENTS = YES;
				CLANG_WARN_EMPTY_BODY = YES;
				CLANG_WARN_ENUM_CONVERSION = YES;
				CLANG_WARN_INFINITE_RECURSION = YES;
				CLANG_WARN_INT_CONVERSION = YES;
				CLANG_WARN_OBJC_ROOT_CLASS = YES_ERROR;
				CLANG_WARN_SUSPICIOUS_MOVE = YES;
				CLANG_WARN_UNREACHABLE_CODE = YES;
				CLANG_WARN__DUPLICATE_METHOD_MATCH = YES;
				"CODE_SIGN_IDENTITY[sdk=iphoneos*]" = "iPhone Developer";
				COPY_PHASE_STRIP = NO;
				DEBUG_INFORMATION_FORMAT = "dwarf-with-dsym";
				ENABLE_NS_ASSERTIONS = NO;
				ENABLE_STRICT_OBJC_MSGSEND = YES;
				GCC_C_LANGUAGE_STANDARD = gnu99;
				GCC_NO_COMMON_BLOCKS = YES;
				GCC_WARN_64_TO_32_BIT_CONVERSION = YES;
				GCC_WARN_ABOUT_RETURN_TYPE = YES_ERROR;
				GCC_WARN_UNDECLARED_SELECTOR = YES;
				GCC_WARN_UNINITIALIZED_AUTOS = YES_AGGRESSIVE;
				GCC_WARN_UNUSED_FUNCTION = YES;
				GCC_WARN_UNUSED_VARIABLE = YES;
				IPHONEOS_DEPLOYMENT_TARGET = 10.3;
				MTL_ENABLE_DEBUG_INFO = NO;
				SDKROOT = iphoneos;
				SWIFT_OPTIMIZATION_LEVEL = "-Owholemodule";
				VALIDATE_PRODUCT = YES;
			};
			name = Release;
		};
		AA107F6C1ED0095000B312D7 /* Debug */ = {
			isa = XCBuildConfiguration;
			buildSettings = {
				ASSETCATALOG_COMPILER_APPICON_NAME = AppIcon;
				CLANG_ENABLE_MODULES = YES;
				DEVELOPMENT_TEAM = 3D2GFZ7CZT;
				FRAMEWORK_SEARCH_PATHS = (
					"$(inherited)",
					"$(PROJECT_DIR)/Carthage/Build/iOS",
				);
				INFOPLIST_FILE = "$(SRCROOT)/NoteApp/Supporting Files/Info.plist";
				LD_RUNPATH_SEARCH_PATHS = "$(inherited) @executable_path/Frameworks";
				PRODUCT_BUNDLE_IDENTIFIER = com.seoju.NoteApp;
				PRODUCT_NAME = "$(TARGET_NAME)";
				SWIFT_OBJC_BRIDGING_HEADER = "";
				SWIFT_OPTIMIZATION_LEVEL = "-Onone";
				SWIFT_VERSION = 3.0;
			};
			name = Debug;
		};
		AA107F6D1ED0095000B312D7 /* Release */ = {
			isa = XCBuildConfiguration;
			buildSettings = {
				ASSETCATALOG_COMPILER_APPICON_NAME = AppIcon;
				CLANG_ENABLE_MODULES = YES;
				DEVELOPMENT_TEAM = 3D2GFZ7CZT;
				FRAMEWORK_SEARCH_PATHS = (
					"$(inherited)",
					"$(PROJECT_DIR)/Carthage/Build/iOS",
				);
				INFOPLIST_FILE = "$(SRCROOT)/NoteApp/Supporting Files/Info.plist";
				LD_RUNPATH_SEARCH_PATHS = "$(inherited) @executable_path/Frameworks";
				PRODUCT_BUNDLE_IDENTIFIER = com.seoju.NoteApp;
				PRODUCT_NAME = "$(TARGET_NAME)";
				SWIFT_OBJC_BRIDGING_HEADER = "";
				SWIFT_VERSION = 3.0;
			};
			name = Release;
		};
/* End XCBuildConfiguration section */

/* Begin XCConfigurationList section */
		AA107F541ED0095000B312D7 /* Build configuration list for PBXProject "NoteApp" */ = {
			isa = XCConfigurationList;
			buildConfigurations = (
				AA107F691ED0095000B312D7 /* Debug */,
				AA107F6A1ED0095000B312D7 /* Release */,
			);
			defaultConfigurationIsVisible = 0;
			defaultConfigurationName = Release;
		};
		AA107F6B1ED0095000B312D7 /* Build configuration list for PBXNativeTarget "NoteApp" */ = {
			isa = XCConfigurationList;
			buildConfigurations = (
				AA107F6C1ED0095000B312D7 /* Debug */,
				AA107F6D1ED0095000B312D7 /* Release */,
			);
			defaultConfigurationIsVisible = 0;
			defaultConfigurationName = Release;
		};
/* End XCConfigurationList section */
	};
	rootObject = AA107F511ED0095000B312D7 /* Project object */;
}
